{
  "object": {
    "pins": [
      {
        "package": "ShopLive",
        "repositoryURL": "https://github.com/shoplive/ios-sdk.git",
        "state": {
          "branch": null,
          "revision": "b3d62b1aa5324e1da17aab8655dc98726e61867d",
          "version": "1.2.0"
        }
      }
    ]
  },
  "version": 1
}
